
Microsoft Visual Studio Solution File, Format Version 12.00
# Visual Studio Version 16
VisualStudioVersion = 16.0.29709.97
MinimumVisualStudioVersion = 10.0.40219.1
Project("{FAE04EC0-301F-11D3-BF4B-00C04F79EFBC}") = "lab3(BehavioralPatterns)", "lab3(BehavioralPatterns)\lab3(BehavioralPatterns).csproj", "{C256E5FB-1C48-4DBC-A7CE-E9ADDE47251B}"
EndProject
Global
	GlobalSection(SolutionConfigurationPlatforms) = preSolution
		Debug|Any CPU = Debug|Any CPU
		Release|Any CPU = Release|Any CPU
	EndGlobalSection
	GlobalSection(ProjectConfigurationPlatforms) = postSolution
		{C256E5FB-1C48-4DBC-A7CE-E9ADDE47251B}.Debug|Any CPU.ActiveCfg = Debug|Any CPU
		{C256E5FB-1C48-4DBC-A7CE-E9ADDE47251B}.Debug|Any CPU.Build.0 = Debug|Any CPU
		{C256E5FB-1C48-4DBC-A7CE-E9ADDE47251B}.Release|Any CPU.ActiveCfg = Release|Any CPU
		{C256E5FB-1C48-4DBC-A7CE-E9ADDE47251B}.Release|Any CPU.Build.0 = Release|Any CPU
	EndGlobalSection
	GlobalSection(SolutionProperties) = preSolution
		HideSolutionNode = FALSE
	EndGlobalSection
	GlobalSection(ExtensibilityGlobals) = postSolution
		SolutionGuid = {93FD82A5-BF89-4D65-A234-5A57370D03E3}
	EndGlobalSection
EndGlobal
